
Microsoft Visual Studio Solution File, Format Version 12.00
# Visual Studio 15
VisualStudioVersion = 15.0.26124.0
MinimumVisualStudioVersion = 15.0.26124.0
Project("{FAE04EC0-301F-11D3-BF4B-00C04F79EFBC}") = "Graphyte", "Graphyte\Graphyte.csproj", "{CA394515-A401-4AF0-A485-AE8A914C3D97}"
EndProject
Project("{FAE04EC0-301F-11D3-BF4B-00C04F79EFBC}") = "Graphyte.Build", "Graphyte.Build\Graphyte.Build.csproj", "{8CCC1E68-44BE-4486-B409-AFE069F9E57A}"
EndProject
Project("{FAE04EC0-301F-11D3-BF4B-00C04F79EFBC}") = "Graphyte.Build.Tests", "Graphyte.Build.Tests\Graphyte.Build.Tests.csproj", "{71E2F774-CDBA-41A2-8065-3BF0A4EA888A}"
EndProject
Global
	GlobalSection(SolutionConfigurationPlatforms) = preSolution
		Debug|Any CPU = Debug|Any CPU
		Debug|x64 = Debug|x64
		Debug|x86 = Debug|x86
		Release|Any CPU = Release|Any CPU
		Release|x64 = Release|x64
		Release|x86 = Release|x86
	EndGlobalSection
	GlobalSection(SolutionProperties) = preSolution
		HideSolutionNode = FALSE
	EndGlobalSection
	GlobalSection(ProjectConfigurationPlatforms) = postSolution
		{CA394515-A401-4AF0-A485-AE8A914C3D97}.Debug|Any CPU.ActiveCfg = Debug|Any CPU
		{CA394515-A401-4AF0-A485-AE8A914C3D97}.Debug|Any CPU.Build.0 = Debug|Any CPU
		{CA394515-A401-4AF0-A485-AE8A914C3D97}.Debug|x64.ActiveCfg = Debug|Any CPU
		{CA394515-A401-4AF0-A485-AE8A914C3D97}.Debug|x64.Build.0 = Debug|Any CPU
		{CA394515-A401-4AF0-A485-AE8A914C3D97}.Debug|x86.ActiveCfg = Debug|Any CPU
		{CA394515-A401-4AF0-A485-AE8A914C3D97}.Debug|x86.Build.0 = Debug|Any CPU
		{CA394515-A401-4AF0-A485-AE8A914C3D97}.Release|Any CPU.ActiveCfg = Release|Any CPU
		{CA394515-A401-4AF0-A485-AE8A914C3D97}.Release|Any CPU.Build.0 = Release|Any CPU
		{CA394515-A401-4AF0-A485-AE8A914C3D97}.Release|x64.ActiveCfg = Release|Any CPU
		{CA394515-A401-4AF0-A485-AE8A914C3D97}.Release|x64.Build.0 = Release|Any CPU
		{CA394515-A401-4AF0-A485-AE8A914C3D97}.Release|x86.ActiveCfg = Release|Any CPU
		{CA394515-A401-4AF0-A485-AE8A914C3D97}.Release|x86.Build.0 = Release|Any CPU
		{8CCC1E68-44BE-4486-B409-AFE069F9E57A}.Debug|Any CPU.ActiveCfg = Debug|Any CPU
		{8CCC1E68-44BE-4486-B409-AFE069F9E57A}.Debug|Any CPU.Build.0 = Debug|Any CPU
		{8CCC1E68-44BE-4486-B409-AFE069F9E57A}.Debug|x64.ActiveCfg = Debug|Any CPU
		{8CCC1E68-44BE-4486-B409-AFE069F9E57A}.Debug|x64.Build.0 = Debug|Any CPU
		{8CCC1E68-44BE-4486-B409-AFE069F9E57A}.Debug|x86.ActiveCfg = Debug|Any CPU
		{8CCC1E68-44BE-4486-B409-AFE069F9E57A}.Debug|x86.Build.0 = Debug|Any CPU
		{8CCC1E68-44BE-4486-B409-AFE069F9E57A}.Release|Any CPU.ActiveCfg = Release|Any CPU
		{8CCC1E68-44BE-4486-B409-AFE069F9E57A}.Release|Any CPU.Build.0 = Release|Any CPU
		{8CCC1E68-44BE-4486-B409-AFE069F9E57A}.Release|x64.ActiveCfg = Release|Any CPU
		{8CCC1E68-44BE-4486-B409-AFE069F9E57A}.Release|x64.Build.0 = Release|Any CPU
		{8CCC1E68-44BE-4486-B409-AFE069F9E57A}.Release|x86.ActiveCfg = Release|Any CPU
		{8CCC1E68-44BE-4486-B409-AFE069F9E57A}.Release|x86.Build.0 = Release|Any CPU
		{71E2F774-CDBA-41A2-8065-3BF0A4EA888A}.Debug|Any CPU.ActiveCfg = Debug|Any CPU
		{71E2F774-CDBA-41A2-8065-3BF0A4EA888A}.Debug|Any CPU.Build.0 = Debug|Any CPU
		{71E2F774-CDBA-41A2-8065-3BF0A4EA888A}.Debug|x64.ActiveCfg = Debug|Any CPU
		{71E2F774-CDBA-41A2-8065-3BF0A4EA888A}.Debug|x64.Build.0 = Debug|Any CPU
		{71E2F774-CDBA-41A2-8065-3BF0A4EA888A}.Debug|x86.ActiveCfg = Debug|Any CPU
		{71E2F774-CDBA-41A2-8065-3BF0A4EA888A}.Debug|x86.Build.0 = Debug|Any CPU
		{71E2F774-CDBA-41A2-8065-3BF0A4EA888A}.Release|Any CPU.ActiveCfg = Release|Any CPU
		{71E2F774-CDBA-41A2-8065-3BF0A4EA888A}.Release|Any CPU.Build.0 = Release|Any CPU
		{71E2F774-CDBA-41A2-8065-3BF0A4EA888A}.Release|x64.ActiveCfg = Release|Any CPU
		{71E2F774-CDBA-41A2-8065-3BF0A4EA888A}.Release|x64.Build.0 = Release|Any CPU
		{71E2F774-CDBA-41A2-8065-3BF0A4EA888A}.Release|x86.ActiveCfg = Release|Any CPU
		{71E2F774-CDBA-41A2-8065-3BF0A4EA888A}.Release|x86.Build.0 = Release|Any CPU
	EndGlobalSection
EndGlobal
